
Microsoft Visual Studio Solution File, Format Version 11.00
# Visual C# Express 2010
Project("{FAE04EC0-301F-11D3-BF4B-00C04F79EFBC}") = "Flying", "Flying.csproj", "{ECDB43F2-6939-4BFB-BB30-7B89DBC9074E}"
EndProject
Global
	GlobalSection(SolutionConfigurationPlatforms) = preSolution
		Debug|Any CPU = Debug|Any CPU
		Release|Any CPU = Release|Any CPU
	EndGlobalSection
	GlobalSection(ProjectConfigurationPlatforms) = postSolution
		{ECDB43F2-6939-4BFB-BB30-7B89DBC9074E}.Debug|Any CPU.ActiveCfg = Debug|Any CPU
		{ECDB43F2-6939-4BFB-BB30-7B89DBC9074E}.Debug|Any CPU.Build.0 = Debug|Any CPU
		{ECDB43F2-6939-4BFB-BB30-7B89DBC9074E}.Release|Any CPU.ActiveCfg = Release|Any CPU
		{ECDB43F2-6939-4BFB-BB30-7B89DBC9074E}.Release|Any CPU.Build.0 = Release|Any CPU
	EndGlobalSection
	GlobalSection(SolutionProperties) = preSolution
		HideSolutionNode = FALSE
	EndGlobalSection
EndGlobal
